
Microsoft Visual Studio Solution File, Format Version 12.00
# Visual Studio 15
VisualStudioVersion = 15.0.27428.2037
MinimumVisualStudioVersion = 10.0.40219.1
Project("{FAE04EC0-301F-11D3-BF4B-00C04F79EFBC}") = "WebUI", "WebUI\WebUI.csproj", "{3B42C29B-345B-4A6F-A120-699C6E2F190E}"
EndProject
Project("{FAE04EC0-301F-11D3-BF4B-00C04F79EFBC}") = "BLL", "BLL\BLL.csproj", "{8D4E15D3-B13E-42B4-8507-BAB8FB5AB505}"
EndProject
Global
	GlobalSection(SolutionConfigurationPlatforms) = preSolution
		Debug|Any CPU = Debug|Any CPU
		Release|Any CPU = Release|Any CPU
	EndGlobalSection
	GlobalSection(ProjectConfigurationPlatforms) = postSolution
		{3B42C29B-345B-4A6F-A120-699C6E2F190E}.Debug|Any CPU.ActiveCfg = Debug|Any CPU
		{3B42C29B-345B-4A6F-A120-699C6E2F190E}.Debug|Any CPU.Build.0 = Debug|Any CPU
		{3B42C29B-345B-4A6F-A120-699C6E2F190E}.Release|Any CPU.ActiveCfg = Release|Any CPU
		{3B42C29B-345B-4A6F-A120-699C6E2F190E}.Release|Any CPU.Build.0 = Release|Any CPU
		{8D4E15D3-B13E-42B4-8507-BAB8FB5AB505}.Debug|Any CPU.ActiveCfg = Debug|Any CPU
		{8D4E15D3-B13E-42B4-8507-BAB8FB5AB505}.Debug|Any CPU.Build.0 = Debug|Any CPU
		{8D4E15D3-B13E-42B4-8507-BAB8FB5AB505}.Release|Any CPU.ActiveCfg = Release|Any CPU
		{8D4E15D3-B13E-42B4-8507-BAB8FB5AB505}.Release|Any CPU.Build.0 = Release|Any CPU
	EndGlobalSection
	GlobalSection(SolutionProperties) = preSolution
		HideSolutionNode = FALSE
	EndGlobalSection
	GlobalSection(ExtensibilityGlobals) = postSolution
		SolutionGuid = {B4A124BD-7731-4D81-8041-1F6F1F41966B}
	EndGlobalSection
EndGlobal
